
Microsoft Visual Studio Solution File, Format Version 12.00
# Visual Studio Version 16
VisualStudioVersion = 16.0.29920.165
MinimumVisualStudioVersion = 10.0.40219.1
Project("{FAE04EC0-301F-11D3-BF4B-00C04F79EFBC}") = "GKAtoDAT", "GKAtoDAT.csproj", "{5765B91D-3E53-4506-BEE7-33D2B1C3289A}"
EndProject
Global
	GlobalSection(SolutionConfigurationPlatforms) = preSolution
		Debug|Any CPU = Debug|Any CPU
		Release|Any CPU = Release|Any CPU
	EndGlobalSection
	GlobalSection(ProjectConfigurationPlatforms) = postSolution
		{5765B91D-3E53-4506-BEE7-33D2B1C3289A}.Debug|Any CPU.ActiveCfg = Debug|Any CPU
		{5765B91D-3E53-4506-BEE7-33D2B1C3289A}.Debug|Any CPU.Build.0 = Debug|Any CPU
		{5765B91D-3E53-4506-BEE7-33D2B1C3289A}.Release|Any CPU.ActiveCfg = Release|Any CPU
		{5765B91D-3E53-4506-BEE7-33D2B1C3289A}.Release|Any CPU.Build.0 = Release|Any CPU
	EndGlobalSection
	GlobalSection(SolutionProperties) = preSolution
		HideSolutionNode = FALSE
	EndGlobalSection
	GlobalSection(ExtensibilityGlobals) = postSolution
		SolutionGuid = {95773A2D-3A0C-4B65-8136-C16FA8A6332B}
	EndGlobalSection
EndGlobal
